
Microsoft Visual Studio Solution File, Format Version 12.00
Project("{FAE04EC0-301F-11D3-BF4B-00C04F79EFBC}") = "Romzetron.Avalonia.Example", "Romzetron.Avalonia.Example\Romzetron.Avalonia.Example.csproj", "{C9C3EE3B-596E-43C6-B47C-4CDDED72AD6C}"
EndProject
Project("{FAE04EC0-301F-11D3-BF4B-00C04F79EFBC}") = "Romzetron.Avalonia", "Romzetron.Avalonia\Romzetron.Avalonia.csproj", "{77FF7B57-B7ED-4B69-BA93-465FB57E11B2}"
EndProject
Project("{FAE04EC0-301F-11D3-BF4B-00C04F79EFBC}") = "Romzetron.Avalonia.Shared", "Romzetron.Avalonia.Shared\Romzetron.Avalonia.Shared.csproj", "{53BADBC3-B0C3-4878-BC74-92379ACFB454}"
EndProject
Global
	GlobalSection(SolutionConfigurationPlatforms) = preSolution
		Debug|Any CPU = Debug|Any CPU
		Release|Any CPU = Release|Any CPU
	EndGlobalSection
	GlobalSection(ProjectConfigurationPlatforms) = postSolution
		{C9C3EE3B-596E-43C6-B47C-4CDDED72AD6C}.Debug|Any CPU.ActiveCfg = Debug|Any CPU
		{C9C3EE3B-596E-43C6-B47C-4CDDED72AD6C}.Debug|Any CPU.Build.0 = Debug|Any CPU
		{C9C3EE3B-596E-43C6-B47C-4CDDED72AD6C}.Release|Any CPU.ActiveCfg = Release|Any CPU
		{C9C3EE3B-596E-43C6-B47C-4CDDED72AD6C}.Release|Any CPU.Build.0 = Release|Any CPU
		{77FF7B57-B7ED-4B69-BA93-465FB57E11B2}.Debug|Any CPU.ActiveCfg = Debug|Any CPU
		{77FF7B57-B7ED-4B69-BA93-465FB57E11B2}.Debug|Any CPU.Build.0 = Debug|Any CPU
		{77FF7B57-B7ED-4B69-BA93-465FB57E11B2}.Release|Any CPU.ActiveCfg = Release|Any CPU
		{77FF7B57-B7ED-4B69-BA93-465FB57E11B2}.Release|Any CPU.Build.0 = Release|Any CPU
		{53BADBC3-B0C3-4878-BC74-92379ACFB454}.Debug|Any CPU.ActiveCfg = Debug|Any CPU
		{53BADBC3-B0C3-4878-BC74-92379ACFB454}.Debug|Any CPU.Build.0 = Debug|Any CPU
		{53BADBC3-B0C3-4878-BC74-92379ACFB454}.Release|Any CPU.ActiveCfg = Release|Any CPU
		{53BADBC3-B0C3-4878-BC74-92379ACFB454}.Release|Any CPU.Build.0 = Release|Any CPU
	EndGlobalSection
EndGlobal
